
Microsoft Visual Studio Solution File, Format Version 12.00
# Visual Studio Version 17
VisualStudioVersion = 17.13.35931.197
MinimumVisualStudioVersion = 10.0.40219.1
Project("{2150E333-8FDC-42A3-9474-1A3956D46DE8}") = "Services", "Services", "{02EA681E-C7D8-13C7-8484-4AC65E1B71E8}"
EndProject
Project("{2150E333-8FDC-42A3-9474-1A3956D46DE8}") = "Catalog", "Catalog", "{0A7DCBA1-70D6-4ED5-BBE2-0D166B5AFED7}"
EndProject
Project("{FAE04EC0-301F-11D3-BF4B-00C04F79EFBC}") = "MultiShop.Catalog", "Services\Catalog\MultiShop.Catalog\MultiShop.Catalog.csproj", "{581EE33E-A3DA-4240-924E-E2FC0476D668}"
EndProject
Project("{2150E333-8FDC-42A3-9474-1A3956D46DE8}") = "Discount", "Discount", "{BA49C5AD-A5CC-4B81-A380-114F34A5046D}"
EndProject
Project("{FAE04EC0-301F-11D3-BF4B-00C04F79EFBC}") = "MultiShop.Discount", "Services\Discount\MultiShop.Discount\MultiShop.Discount.csproj", "{65691297-27E6-4D16-ADEF-B2E1251601FB}"
EndProject
Project("{2150E333-8FDC-42A3-9474-1A3956D46DE8}") = "Order", "Order", "{8D9786F6-84C3-4AE8-AEAE-69F30521DD02}"
EndProject
Project("{2150E333-8FDC-42A3-9474-1A3956D46DE8}") = "Core", "Core", "{B57FC0E8-57FA-43BA-9289-6E5246E6F341}"
EndProject
Project("{2150E333-8FDC-42A3-9474-1A3956D46DE8}") = "Infrastructure", "Infrastructure", "{DE02EA63-9CF0-4E30-88F4-82E093612474}"
EndProject
Project("{2150E333-8FDC-42A3-9474-1A3956D46DE8}") = "Presentation", "Presentation", "{3AE7138D-12C9-481C-8A23-CC4C92994CE2}"
EndProject
Project("{FAE04EC0-301F-11D3-BF4B-00C04F79EFBC}") = "MultiShop.Order.Domain", "Services\Order\Domain\MultiShop.Order.Domain\MultiShop.Order.Domain.csproj", "{9ED3F3FC-0EB9-44F8-8D84-A4ACFD5D6660}"
EndProject
Project("{FAE04EC0-301F-11D3-BF4B-00C04F79EFBC}") = "MultiShop.Order.Application", "Services\Order\Core\MultiShop.Order.Application\MultiShop.Order.Application.csproj", "{EFEC3931-1711-4E00-B83E-FFA33C57D071}"
EndProject
Project("{FAE04EC0-301F-11D3-BF4B-00C04F79EFBC}") = "MultiShop.Order.Persistance", "Services\Order\Infrastructure\MultiShop.Order.Persistance\MultiShop.Order.Persistance.csproj", "{B51DA89C-AF85-4118-9FD8-9DAFB9DAF7E9}"
EndProject
Project("{FAE04EC0-301F-11D3-BF4B-00C04F79EFBC}") = "MultiShop.Order.WebAPİ", "Services\Order\Presentation\MultiShop.Order.WebAPİ\MultiShop.Order.WebAPİ.csproj", "{F928C371-34A9-4C58-A7F1-46A26AA3B3D1}"
EndProject
Project("{2150E333-8FDC-42A3-9474-1A3956D46DE8}") = "IdentityServer", "IdentityServer", "{04DCD130-7475-4083-BB3D-35A86D76B033}"
EndProject
Project("{FAE04EC0-301F-11D3-BF4B-00C04F79EFBC}") = "Multishop.IdentityServer", "IdentityServer\Multishop.IdentityServer\Multishop.IdentityServer.csproj", "{0B97228A-EEF2-4A1B-83D3-16B365C613A9}"
EndProject
Project("{2150E333-8FDC-42A3-9474-1A3956D46DE8}") = "Cargo", "Cargo", "{D15F59CC-6D60-4610-B8CD-79E5F44C38BE}"
EndProject
Project("{FAE04EC0-301F-11D3-BF4B-00C04F79EFBC}") = "MultiShop.Cargo.Bussines", "Services\Cargo\MultiShop.Cargo.Bussines\MultiShop.Cargo.Bussines.csproj", "{73DB65FC-0789-4820-9D72-C3D5853DAF13}"
EndProject
Project("{FAE04EC0-301F-11D3-BF4B-00C04F79EFBC}") = "MultiShop.Cargo.Entity", "Services\Cargo\MultiShop.Cargo.Entity\MultiShop.Cargo.Entity.csproj", "{E3681F05-BA0C-4C23-8751-42F7CB66C489}"
EndProject
Project("{FAE04EC0-301F-11D3-BF4B-00C04F79EFBC}") = "MultiShop.Cargo.DataAccess", "Services\Cargo\MultiShop.Cargo.DataAccess\MultiShop.Cargo.DataAccess.csproj", "{34D3416D-A7B0-403B-8152-A8CD0A14EEF9}"
EndProject
Project("{FAE04EC0-301F-11D3-BF4B-00C04F79EFBC}") = "MultiShop.Cargo.WebApi", "Services\Cargo\MultiShop.Cargo.WebApi\MultiShop.Cargo.WebApi.csproj", "{8FE7BBAD-B07B-4FB2-A2F1-14C166DAD8CB}"
EndProject
Project("{2150E333-8FDC-42A3-9474-1A3956D46DE8}") = "Basket", "Basket", "{82CD7CCF-2D1B-494D-AA8A-35A58007F986}"
EndProject
Project("{FAE04EC0-301F-11D3-BF4B-00C04F79EFBC}") = "MultiShop.Basket", "Services\Basket\MultiShop.Basket\MultiShop.Basket.csproj", "{56FF7A7B-17FA-40AD-9680-8C82663837FD}"
EndProject
Project("{2150E333-8FDC-42A3-9474-1A3956D46DE8}") = "Frontend", "Frontend", "{BC2353BB-C013-452F-8054-292D0F21A8B9}"
EndProject
Project("{FAE04EC0-301F-11D3-BF4B-00C04F79EFBC}") = "MultiShop.WebUI", "Frontend\MultiShop.WebUI\MultiShop.WebUI.csproj", "{19B044D4-7516-4C85-9D9D-A74ABC15E67C}"
EndProject
Project("{FAE04EC0-301F-11D3-BF4B-00C04F79EFBC}") = "MultiShop.Dto", "Frontend\MultiShop.Dto\MultiShop.Dto.csproj", "{69135494-03AF-4E1B-8B68-0B5855A96905}"
EndProject
Project("{2150E333-8FDC-42A3-9474-1A3956D46DE8}") = "Comment", "Comment", "{919AC591-B164-4C3F-AB34-D9F1F9645A6E}"
EndProject
Project("{FAE04EC0-301F-11D3-BF4B-00C04F79EFBC}") = "MultiShop.Comment", "Services\Comment\MultiShop.Comment\MultiShop.Comment.csproj", "{DDEEFA11-2BD0-4A4A-BA77-29E196CC88F7}"
EndProject
Global
	GlobalSection(SolutionConfigurationPlatforms) = preSolution
		Debug|Any CPU = Debug|Any CPU
		Release|Any CPU = Release|Any CPU
	EndGlobalSection
	GlobalSection(ProjectConfigurationPlatforms) = postSolution
		{581EE33E-A3DA-4240-924E-E2FC0476D668}.Debug|Any CPU.ActiveCfg = Debug|Any CPU
		{581EE33E-A3DA-4240-924E-E2FC0476D668}.Debug|Any CPU.Build.0 = Debug|Any CPU
		{581EE33E-A3DA-4240-924E-E2FC0476D668}.Release|Any CPU.ActiveCfg = Release|Any CPU
		{581EE33E-A3DA-4240-924E-E2FC0476D668}.Release|Any CPU.Build.0 = Release|Any CPU
		{65691297-27E6-4D16-ADEF-B2E1251601FB}.Debug|Any CPU.ActiveCfg = Debug|Any CPU
		{65691297-27E6-4D16-ADEF-B2E1251601FB}.Debug|Any CPU.Build.0 = Debug|Any CPU
		{65691297-27E6-4D16-ADEF-B2E1251601FB}.Release|Any CPU.ActiveCfg = Release|Any CPU
		{65691297-27E6-4D16-ADEF-B2E1251601FB}.Release|Any CPU.Build.0 = Release|Any CPU
		{9ED3F3FC-0EB9-44F8-8D84-A4ACFD5D6660}.Debug|Any CPU.ActiveCfg = Debug|Any CPU
		{9ED3F3FC-0EB9-44F8-8D84-A4ACFD5D6660}.Debug|Any CPU.Build.0 = Debug|Any CPU
		{9ED3F3FC-0EB9-44F8-8D84-A4ACFD5D6660}.Release|Any CPU.ActiveCfg = Release|Any CPU
		{9ED3F3FC-0EB9-44F8-8D84-A4ACFD5D6660}.Release|Any CPU.Build.0 = Release|Any CPU
		{EFEC3931-1711-4E00-B83E-FFA33C57D071}.Debug|Any CPU.ActiveCfg = Debug|Any CPU
		{EFEC3931-1711-4E00-B83E-FFA33C57D071}.Debug|Any CPU.Build.0 = Debug|Any CPU
		{EFEC3931-1711-4E00-B83E-FFA33C57D071}.Release|Any CPU.ActiveCfg = Release|Any CPU
		{EFEC3931-1711-4E00-B83E-FFA33C57D071}.Release|Any CPU.Build.0 = Release|Any CPU
		{B51DA89C-AF85-4118-9FD8-9DAFB9DAF7E9}.Debug|Any CPU.ActiveCfg = Debug|Any CPU
		{B51DA89C-AF85-4118-9FD8-9DAFB9DAF7E9}.Debug|Any CPU.Build.0 = Debug|Any CPU
		{B51DA89C-AF85-4118-9FD8-9DAFB9DAF7E9}.Release|Any CPU.ActiveCfg = Release|Any CPU
		{B51DA89C-AF85-4118-9FD8-9DAFB9DAF7E9}.Release|Any CPU.Build.0 = Release|Any CPU
		{F928C371-34A9-4C58-A7F1-46A26AA3B3D1}.Debug|Any CPU.ActiveCfg = Debug|Any CPU
		{F928C371-34A9-4C58-A7F1-46A26AA3B3D1}.Debug|Any CPU.Build.0 = Debug|Any CPU
		{F928C371-34A9-4C58-A7F1-46A26AA3B3D1}.Release|Any CPU.ActiveCfg = Release|Any CPU
		{F928C371-34A9-4C58-A7F1-46A26AA3B3D1}.Release|Any CPU.Build.0 = Release|Any CPU
		{0B97228A-EEF2-4A1B-83D3-16B365C613A9}.Debug|Any CPU.ActiveCfg = Debug|Any CPU
		{0B97228A-EEF2-4A1B-83D3-16B365C613A9}.Debug|Any CPU.Build.0 = Debug|Any CPU
		{0B97228A-EEF2-4A1B-83D3-16B365C613A9}.Release|Any CPU.ActiveCfg = Release|Any CPU
		{0B97228A-EEF2-4A1B-83D3-16B365C613A9}.Release|Any CPU.Build.0 = Release|Any CPU
		{73DB65FC-0789-4820-9D72-C3D5853DAF13}.Debug|Any CPU.ActiveCfg = Debug|Any CPU
		{73DB65FC-0789-4820-9D72-C3D5853DAF13}.Debug|Any CPU.Build.0 = Debug|Any CPU
		{73DB65FC-0789-4820-9D72-C3D5853DAF13}.Release|Any CPU.ActiveCfg = Release|Any CPU
		{73DB65FC-0789-4820-9D72-C3D5853DAF13}.Release|Any CPU.Build.0 = Release|Any CPU
		{E3681F05-BA0C-4C23-8751-42F7CB66C489}.Debug|Any CPU.ActiveCfg = Debug|Any CPU
		{E3681F05-BA0C-4C23-8751-42F7CB66C489}.Debug|Any CPU.Build.0 = Debug|Any CPU
		{E3681F05-BA0C-4C23-8751-42F7CB66C489}.Release|Any CPU.ActiveCfg = Release|Any CPU
		{E3681F05-BA0C-4C23-8751-42F7CB66C489}.Release|Any CPU.Build.0 = Release|Any CPU
		{34D3416D-A7B0-403B-8152-A8CD0A14EEF9}.Debug|Any CPU.ActiveCfg = Debug|Any CPU
		{34D3416D-A7B0-403B-8152-A8CD0A14EEF9}.Debug|Any CPU.Build.0 = Debug|Any CPU
		{34D3416D-A7B0-403B-8152-A8CD0A14EEF9}.Release|Any CPU.ActiveCfg = Release|Any CPU
		{34D3416D-A7B0-403B-8152-A8CD0A14EEF9}.Release|Any CPU.Build.0 = Release|Any CPU
		{8FE7BBAD-B07B-4FB2-A2F1-14C166DAD8CB}.Debug|Any CPU.ActiveCfg = Debug|Any CPU
		{8FE7BBAD-B07B-4FB2-A2F1-14C166DAD8CB}.Debug|Any CPU.Build.0 = Debug|Any CPU
		{8FE7BBAD-B07B-4FB2-A2F1-14C166DAD8CB}.Release|Any CPU.ActiveCfg = Release|Any CPU
		{8FE7BBAD-B07B-4FB2-A2F1-14C166DAD8CB}.Release|Any CPU.Build.0 = Release|Any CPU
		{56FF7A7B-17FA-40AD-9680-8C82663837FD}.Debug|Any CPU.ActiveCfg = Debug|Any CPU
		{56FF7A7B-17FA-40AD-9680-8C82663837FD}.Debug|Any CPU.Build.0 = Debug|Any CPU
		{56FF7A7B-17FA-40AD-9680-8C82663837FD}.Release|Any CPU.ActiveCfg = Release|Any CPU
		{56FF7A7B-17FA-40AD-9680-8C82663837FD}.Release|Any CPU.Build.0 = Release|Any CPU
		{19B044D4-7516-4C85-9D9D-A74ABC15E67C}.Debug|Any CPU.ActiveCfg = Debug|Any CPU
		{19B044D4-7516-4C85-9D9D-A74ABC15E67C}.Debug|Any CPU.Build.0 = Debug|Any CPU
		{19B044D4-7516-4C85-9D9D-A74ABC15E67C}.Release|Any CPU.ActiveCfg = Release|Any CPU
		{19B044D4-7516-4C85-9D9D-A74ABC15E67C}.Release|Any CPU.Build.0 = Release|Any CPU
		{69135494-03AF-4E1B-8B68-0B5855A96905}.Debug|Any CPU.ActiveCfg = Debug|Any CPU
		{69135494-03AF-4E1B-8B68-0B5855A96905}.Debug|Any CPU.Build.0 = Debug|Any CPU
		{69135494-03AF-4E1B-8B68-0B5855A96905}.Release|Any CPU.ActiveCfg = Release|Any CPU
		{69135494-03AF-4E1B-8B68-0B5855A96905}.Release|Any CPU.Build.0 = Release|Any CPU
		{DDEEFA11-2BD0-4A4A-BA77-29E196CC88F7}.Debug|Any CPU.ActiveCfg = Debug|Any CPU
		{DDEEFA11-2BD0-4A4A-BA77-29E196CC88F7}.Debug|Any CPU.Build.0 = Debug|Any CPU
		{DDEEFA11-2BD0-4A4A-BA77-29E196CC88F7}.Release|Any CPU.ActiveCfg = Release|Any CPU
		{DDEEFA11-2BD0-4A4A-BA77-29E196CC88F7}.Release|Any CPU.Build.0 = Release|Any CPU
	EndGlobalSection
	GlobalSection(SolutionProperties) = preSolution
		HideSolutionNode = FALSE
	EndGlobalSection
	GlobalSection(NestedProjects) = preSolution
		{0A7DCBA1-70D6-4ED5-BBE2-0D166B5AFED7} = {02EA681E-C7D8-13C7-8484-4AC65E1B71E8}
		{581EE33E-A3DA-4240-924E-E2FC0476D668} = {0A7DCBA1-70D6-4ED5-BBE2-0D166B5AFED7}
		{BA49C5AD-A5CC-4B81-A380-114F34A5046D} = {02EA681E-C7D8-13C7-8484-4AC65E1B71E8}
		{65691297-27E6-4D16-ADEF-B2E1251601FB} = {BA49C5AD-A5CC-4B81-A380-114F34A5046D}
		{8D9786F6-84C3-4AE8-AEAE-69F30521DD02} = {02EA681E-C7D8-13C7-8484-4AC65E1B71E8}
		{B57FC0E8-57FA-43BA-9289-6E5246E6F341} = {8D9786F6-84C3-4AE8-AEAE-69F30521DD02}
		{DE02EA63-9CF0-4E30-88F4-82E093612474} = {8D9786F6-84C3-4AE8-AEAE-69F30521DD02}
		{3AE7138D-12C9-481C-8A23-CC4C92994CE2} = {8D9786F6-84C3-4AE8-AEAE-69F30521DD02}
		{9ED3F3FC-0EB9-44F8-8D84-A4ACFD5D6660} = {B57FC0E8-57FA-43BA-9289-6E5246E6F341}
		{EFEC3931-1711-4E00-B83E-FFA33C57D071} = {B57FC0E8-57FA-43BA-9289-6E5246E6F341}
		{B51DA89C-AF85-4118-9FD8-9DAFB9DAF7E9} = {DE02EA63-9CF0-4E30-88F4-82E093612474}
		{F928C371-34A9-4C58-A7F1-46A26AA3B3D1} = {3AE7138D-12C9-481C-8A23-CC4C92994CE2}
		{0B97228A-EEF2-4A1B-83D3-16B365C613A9} = {04DCD130-7475-4083-BB3D-35A86D76B033}
		{D15F59CC-6D60-4610-B8CD-79E5F44C38BE} = {02EA681E-C7D8-13C7-8484-4AC65E1B71E8}
		{73DB65FC-0789-4820-9D72-C3D5853DAF13} = {D15F59CC-6D60-4610-B8CD-79E5F44C38BE}
		{E3681F05-BA0C-4C23-8751-42F7CB66C489} = {D15F59CC-6D60-4610-B8CD-79E5F44C38BE}
		{34D3416D-A7B0-403B-8152-A8CD0A14EEF9} = {D15F59CC-6D60-4610-B8CD-79E5F44C38BE}
		{8FE7BBAD-B07B-4FB2-A2F1-14C166DAD8CB} = {D15F59CC-6D60-4610-B8CD-79E5F44C38BE}
		{82CD7CCF-2D1B-494D-AA8A-35A58007F986} = {02EA681E-C7D8-13C7-8484-4AC65E1B71E8}
		{56FF7A7B-17FA-40AD-9680-8C82663837FD} = {82CD7CCF-2D1B-494D-AA8A-35A58007F986}
		{19B044D4-7516-4C85-9D9D-A74ABC15E67C} = {BC2353BB-C013-452F-8054-292D0F21A8B9}
		{69135494-03AF-4E1B-8B68-0B5855A96905} = {BC2353BB-C013-452F-8054-292D0F21A8B9}
		{919AC591-B164-4C3F-AB34-D9F1F9645A6E} = {02EA681E-C7D8-13C7-8484-4AC65E1B71E8}
		{DDEEFA11-2BD0-4A4A-BA77-29E196CC88F7} = {919AC591-B164-4C3F-AB34-D9F1F9645A6E}
	EndGlobalSection
	GlobalSection(ExtensibilityGlobals) = postSolution
		SolutionGuid = {296A63C9-174A-41E2-A590-664429473862}
	EndGlobalSection
EndGlobal
